
Microsoft Visual Studio Solution File, Format Version 12.00
# Visual Studio 15
VisualStudioVersion = 15.0.26124.0
MinimumVisualStudioVersion = 15.0.26124.0
Project("{FAE04EC0-301F-11D3-BF4B-00C04F79EFBC}") = "OpenTabletDriver", "OpenTabletDriver\OpenTabletDriver.csproj", "{E1407092-4EC3-4FDB-A1F7-27684B889750}"
EndProject
Project("{FAE04EC0-301F-11D3-BF4B-00C04F79EFBC}") = "OpenTabletDriver.Native", "OpenTabletDriver.Native\OpenTabletDriver.Native.csproj", "{57A5101A-20F4-41AA-8649-2C3785DD5BA2}"
EndProject
Project("{FAE04EC0-301F-11D3-BF4B-00C04F79EFBC}") = "OpenTabletDriver.Native.Windows", "OpenTabletDriver.Native.Windows\OpenTabletDriver.Native.Windows.csproj", "{57A5101A-20F4-41AA-8649-2C3785DD5BA3}"
EndProject
Project("{FAE04EC0-301F-11D3-BF4B-00C04F79EFBC}") = "OpenTabletDriver.Native.Linux", "OpenTabletDriver.Native.Linux\OpenTabletDriver.Native.Linux.csproj", "{57A5101A-20F4-41AA-8649-2C3785DD5BA4}"
EndProject
Project("{FAE04EC0-301F-11D3-BF4B-00C04F79EFBC}") = "OpenTabletDriver.Native.MacOS", "OpenTabletDriver.Native.MacOS\OpenTabletDriver.Native.MacOS.csproj", "{57A5101A-20F4-41AA-8649-2C3785DD5BA5}"
EndProject
Project("{FAE04EC0-301F-11D3-BF4B-00C04F79EFBC}") = "OpenTabletDriver.Daemon", "OpenTabletDriver.Daemon\OpenTabletDriver.Daemon.csproj", "{18F3FBE6-110E-4F14-912F-14273028191C}"
EndProject
Project("{FAE04EC0-301F-11D3-BF4B-00C04F79EFBC}") = "OpenTabletDriver.Console", "OpenTabletDriver.Console\OpenTabletDriver.Console.csproj", "{040FFF57-84CB-464C-83A5-B99002FF6605}"
EndProject
Project("{FAE04EC0-301F-11D3-BF4B-00C04F79EFBC}") = "OpenTabletDriver.Tests", "OpenTabletDriver.Tests\OpenTabletDriver.Tests.csproj", "{B0107F45-E452-40E4-8407-14F99895CE98}"
EndProject
Project("{FAE04EC0-301F-11D3-BF4B-00C04F79EFBC}") = "OpenTabletDriver.Benchmarks", "OpenTabletDriver.Benchmarks\OpenTabletDriver.Benchmarks.csproj", "{0A55FC49-7713-45CA-A1BD-A1ECBFF91DA7}"
EndProject
Project("{FAE04EC0-301F-11D3-BF4B-00C04F79EFBC}") = "OpenTabletDriver.Configurations", "OpenTabletDriver.Configurations\OpenTabletDriver.Configurations.csproj", "{EF54AA9B-A725-44B5-96B5-AE526EF431CF}"
EndProject
Project("{FAE04EC0-301F-11D3-BF4B-00C04F79EFBC}") = "OpenTabletDriver.Analyzers", "OpenTabletDriver.Analyzers\OpenTabletDriver.Analyzers.csproj", "{C9B08D56-83B9-4CFC-A023-9FDFA1BFA35A}"
EndProject
Project("{FAE04EC0-301F-11D3-BF4B-00C04F79EFBC}") = "OpenTabletDriver.Analyzers.Tests", "OpenTabletDriver.Analyzers.Tests\OpenTabletDriver.Analyzers.Tests.csproj", "{96C1F385-E395-4B88-BC6C-0CD2E844EBFF}"
EndProject
Project("{FAE04EC0-301F-11D3-BF4B-00C04F79EFBC}") = "OpenTabletDriver.UI", "OpenTabletDriver.UI\OpenTabletDriver.UI.csproj", "{0E146D72-84C2-4FA7-BD86-F40D2A552D36}"
EndProject
Project("{FAE04EC0-301F-11D3-BF4B-00C04F79EFBC}") = "OpenTabletDriver.UI.Library", "OpenTabletDriver.UI.Library\OpenTabletDriver.UI.Library.csproj", "{978A5178-967B-492A-A391-895908C3DE06}"
EndProject
Project("{FAE04EC0-301F-11D3-BF4B-00C04F79EFBC}") = "OpenTabletDriver.UI.Tests", "OpenTabletDriver.UI.Tests\OpenTabletDriver.UI.Tests.csproj", "{C2548E66-E89A-4A3C-898E-D56986D0AAE4}"
EndProject
Project("{FAE04EC0-301F-11D3-BF4B-00C04F79EFBC}") = "OpenTabletDriver.Daemon.Library", "OpenTabletDriver.Daemon.Library\OpenTabletDriver.Daemon.Library.csproj", "{5393EC0A-2AFF-4C06-A250-370A10A30088}"
EndProject
Global
	GlobalSection(SolutionConfigurationPlatforms) = preSolution
		Debug|Any CPU = Debug|Any CPU
		Debug|x64 = Debug|x64
		Debug|x86 = Debug|x86
		Release|Any CPU = Release|Any CPU
		Release|x64 = Release|x64
		Release|x86 = Release|x86
	EndGlobalSection
	GlobalSection(SolutionProperties) = preSolution
		HideSolutionNode = FALSE
	EndGlobalSection
	GlobalSection(ProjectConfigurationPlatforms) = postSolution
		{E1407092-4EC3-4FDB-A1F7-27684B889750}.Debug|Any CPU.ActiveCfg = Debug|Any CPU
		{E1407092-4EC3-4FDB-A1F7-27684B889750}.Debug|Any CPU.Build.0 = Debug|Any CPU
		{E1407092-4EC3-4FDB-A1F7-27684B889750}.Debug|x64.ActiveCfg = Debug|Any CPU
		{E1407092-4EC3-4FDB-A1F7-27684B889750}.Debug|x64.Build.0 = Debug|Any CPU
		{E1407092-4EC3-4FDB-A1F7-27684B889750}.Debug|x86.ActiveCfg = Debug|Any CPU
		{E1407092-4EC3-4FDB-A1F7-27684B889750}.Debug|x86.Build.0 = Debug|Any CPU
		{E1407092-4EC3-4FDB-A1F7-27684B889750}.Release|Any CPU.ActiveCfg = Release|Any CPU
		{E1407092-4EC3-4FDB-A1F7-27684B889750}.Release|Any CPU.Build.0 = Release|Any CPU
		{E1407092-4EC3-4FDB-A1F7-27684B889750}.Release|x64.ActiveCfg = Release|Any CPU
		{E1407092-4EC3-4FDB-A1F7-27684B889750}.Release|x64.Build.0 = Release|Any CPU
		{E1407092-4EC3-4FDB-A1F7-27684B889750}.Release|x86.ActiveCfg = Release|Any CPU
		{E1407092-4EC3-4FDB-A1F7-27684B889750}.Release|x86.Build.0 = Release|Any CPU
		{57A5101A-20F4-41AA-8649-2C3785DD5BA2}.Debug|Any CPU.ActiveCfg = Debug|Any CPU
		{57A5101A-20F4-41AA-8649-2C3785DD5BA2}.Debug|Any CPU.Build.0 = Debug|Any CPU
		{57A5101A-20F4-41AA-8649-2C3785DD5BA2}.Debug|x64.ActiveCfg = Debug|Any CPU
		{57A5101A-20F4-41AA-8649-2C3785DD5BA2}.Debug|x64.Build.0 = Debug|Any CPU
		{57A5101A-20F4-41AA-8649-2C3785DD5BA2}.Debug|x86.ActiveCfg = Debug|Any CPU
		{57A5101A-20F4-41AA-8649-2C3785DD5BA2}.Debug|x86.Build.0 = Debug|Any CPU
		{57A5101A-20F4-41AA-8649-2C3785DD5BA2}.Release|Any CPU.ActiveCfg = Release|Any CPU
		{57A5101A-20F4-41AA-8649-2C3785DD5BA2}.Release|Any CPU.Build.0 = Release|Any CPU
		{57A5101A-20F4-41AA-8649-2C3785DD5BA2}.Release|x64.ActiveCfg = Release|Any CPU
		{57A5101A-20F4-41AA-8649-2C3785DD5BA2}.Release|x64.Build.0 = Release|Any CPU
		{57A5101A-20F4-41AA-8649-2C3785DD5BA2}.Release|x86.ActiveCfg = Release|Any CPU
		{57A5101A-20F4-41AA-8649-2C3785DD5BA2}.Release|x86.Build.0 = Release|Any CPU
		{57A5101A-20F4-41AA-8649-2C3785DD5BA3}.Debug|Any CPU.ActiveCfg = Debug|Any CPU
		{57A5101A-20F4-41AA-8649-2C3785DD5BA3}.Debug|Any CPU.Build.0 = Debug|Any CPU
		{57A5101A-20F4-41AA-8649-2C3785DD5BA3}.Debug|x64.ActiveCfg = Debug|Any CPU
		{57A5101A-20F4-41AA-8649-2C3785DD5BA3}.Debug|x64.Build.0 = Debug|Any CPU
		{57A5101A-20F4-41AA-8649-2C3785DD5BA3}.Debug|x86.ActiveCfg = Debug|Any CPU
		{57A5101A-20F4-41AA-8649-2C3785DD5BA3}.Debug|x86.Build.0 = Debug|Any CPU
		{57A5101A-20F4-41AA-8649-2C3785DD5BA3}.Release|Any CPU.ActiveCfg = Release|Any CPU
		{57A5101A-20F4-41AA-8649-2C3785DD5BA3}.Release|Any CPU.Build.0 = Release|Any CPU
		{57A5101A-20F4-41AA-8649-2C3785DD5BA3}.Release|x64.ActiveCfg = Release|Any CPU
		{57A5101A-20F4-41AA-8649-2C3785DD5BA3}.Release|x64.Build.0 = Release|Any CPU
		{57A5101A-20F4-41AA-8649-2C3785DD5BA3}.Release|x86.ActiveCfg = Release|Any CPU
		{57A5101A-20F4-41AA-8649-2C3785DD5BA3}.Release|x86.Build.0 = Release|Any CPU
		{57A5101A-20F4-41AA-8649-2C3785DD5BA4}.Debug|Any CPU.ActiveCfg = Debug|Any CPU
		{57A5101A-20F4-41AA-8649-2C3785DD5BA4}.Debug|Any CPU.Build.0 = Debug|Any CPU
		{57A5101A-20F4-41AA-8649-2C3785DD5BA4}.Debug|x64.ActiveCfg = Debug|Any CPU
		{57A5101A-20F4-41AA-8649-2C3785DD5BA4}.Debug|x64.Build.0 = Debug|Any CPU
		{57A5101A-20F4-41AA-8649-2C3785DD5BA4}.Debug|x86.ActiveCfg = Debug|Any CPU
		{57A5101A-20F4-41AA-8649-2C3785DD5BA4}.Debug|x86.Build.0 = Debug|Any CPU
		{57A5101A-20F4-41AA-8649-2C3785DD5BA4}.Release|Any CPU.ActiveCfg = Release|Any CPU
		{57A5101A-20F4-41AA-8649-2C3785DD5BA4}.Release|Any CPU.Build.0 = Release|Any CPU
		{57A5101A-20F4-41AA-8649-2C3785DD5BA4}.Release|x64.ActiveCfg = Release|Any CPU
		{57A5101A-20F4-41AA-8649-2C3785DD5BA4}.Release|x64.Build.0 = Release|Any CPU
		{57A5101A-20F4-41AA-8649-2C3785DD5BA4}.Release|x86.ActiveCfg = Release|Any CPU
		{57A5101A-20F4-41AA-8649-2C3785DD5BA4}.Release|x86.Build.0 = Release|Any CPU
		{57A5101A-20F4-41AA-8649-2C3785DD5BA5}.Debug|Any CPU.ActiveCfg = Debug|Any CPU
		{57A5101A-20F4-41AA-8649-2C3785DD5BA5}.Debug|Any CPU.Build.0 = Debug|Any CPU
		{57A5101A-20F4-41AA-8649-2C3785DD5BA5}.Debug|x64.ActiveCfg = Debug|Any CPU
		{57A5101A-20F4-41AA-8649-2C3785DD5BA5}.Debug|x64.Build.0 = Debug|Any CPU
		{57A5101A-20F4-41AA-8649-2C3785DD5BA5}.Debug|x86.ActiveCfg = Debug|Any CPU
		{57A5101A-20F4-41AA-8649-2C3785DD5BA5}.Debug|x86.Build.0 = Debug|Any CPU
		{57A5101A-20F4-41AA-8649-2C3785DD5BA5}.Release|Any CPU.ActiveCfg = Release|Any CPU
		{57A5101A-20F4-41AA-8649-2C3785DD5BA5}.Release|Any CPU.Build.0 = Release|Any CPU
		{57A5101A-20F4-41AA-8649-2C3785DD5BA5}.Release|x64.ActiveCfg = Release|Any CPU
		{57A5101A-20F4-41AA-8649-2C3785DD5BA5}.Release|x64.Build.0 = Release|Any CPU
		{57A5101A-20F4-41AA-8649-2C3785DD5BA5}.Release|x86.ActiveCfg = Release|Any CPU
		{57A5101A-20F4-41AA-8649-2C3785DD5BA5}.Release|x86.Build.0 = Release|Any CPU
		{18F3FBE6-110E-4F14-912F-14273028191C}.Debug|Any CPU.ActiveCfg = Debug|Any CPU
		{18F3FBE6-110E-4F14-912F-14273028191C}.Debug|Any CPU.Build.0 = Debug|Any CPU
		{18F3FBE6-110E-4F14-912F-14273028191C}.Debug|x64.ActiveCfg = Debug|Any CPU
		{18F3FBE6-110E-4F14-912F-14273028191C}.Debug|x64.Build.0 = Debug|Any CPU
		{18F3FBE6-110E-4F14-912F-14273028191C}.Debug|x86.ActiveCfg = Debug|Any CPU
		{18F3FBE6-110E-4F14-912F-14273028191C}.Debug|x86.Build.0 = Debug|Any CPU
		{18F3FBE6-110E-4F14-912F-14273028191C}.Release|Any CPU.ActiveCfg = Release|Any CPU
		{18F3FBE6-110E-4F14-912F-14273028191C}.Release|Any CPU.Build.0 = Release|Any CPU
		{18F3FBE6-110E-4F14-912F-14273028191C}.Release|x64.ActiveCfg = Release|Any CPU
		{18F3FBE6-110E-4F14-912F-14273028191C}.Release|x64.Build.0 = Release|Any CPU
		{18F3FBE6-110E-4F14-912F-14273028191C}.Release|x86.ActiveCfg = Release|Any CPU
		{18F3FBE6-110E-4F14-912F-14273028191C}.Release|x86.Build.0 = Release|Any CPU
		{040FFF57-84CB-464C-83A5-B99002FF6605}.Debug|Any CPU.ActiveCfg = Debug|Any CPU
		{040FFF57-84CB-464C-83A5-B99002FF6605}.Debug|Any CPU.Build.0 = Debug|Any CPU
		{040FFF57-84CB-464C-83A5-B99002FF6605}.Debug|x64.ActiveCfg = Debug|Any CPU
		{040FFF57-84CB-464C-83A5-B99002FF6605}.Debug|x64.Build.0 = Debug|Any CPU
		{040FFF57-84CB-464C-83A5-B99002FF6605}.Debug|x86.ActiveCfg = Debug|Any CPU
		{040FFF57-84CB-464C-83A5-B99002FF6605}.Debug|x86.Build.0 = Debug|Any CPU
		{040FFF57-84CB-464C-83A5-B99002FF6605}.Release|Any CPU.ActiveCfg = Release|Any CPU
		{040FFF57-84CB-464C-83A5-B99002FF6605}.Release|Any CPU.Build.0 = Release|Any CPU
		{040FFF57-84CB-464C-83A5-B99002FF6605}.Release|x64.ActiveCfg = Release|Any CPU
		{040FFF57-84CB-464C-83A5-B99002FF6605}.Release|x64.Build.0 = Release|Any CPU
		{040FFF57-84CB-464C-83A5-B99002FF6605}.Release|x86.ActiveCfg = Release|Any CPU
		{040FFF57-84CB-464C-83A5-B99002FF6605}.Release|x86.Build.0 = Release|Any CPU
		{B0107F45-E452-40E4-8407-14F99895CE98}.Debug|Any CPU.ActiveCfg = Debug|Any CPU
		{B0107F45-E452-40E4-8407-14F99895CE98}.Debug|Any CPU.Build.0 = Debug|Any CPU
		{B0107F45-E452-40E4-8407-14F99895CE98}.Debug|x64.ActiveCfg = Debug|Any CPU
		{B0107F45-E452-40E4-8407-14F99895CE98}.Debug|x64.Build.0 = Debug|Any CPU
		{B0107F45-E452-40E4-8407-14F99895CE98}.Debug|x86.ActiveCfg = Debug|Any CPU
		{B0107F45-E452-40E4-8407-14F99895CE98}.Debug|x86.Build.0 = Debug|Any CPU
		{B0107F45-E452-40E4-8407-14F99895CE98}.Release|Any CPU.ActiveCfg = Release|Any CPU
		{B0107F45-E452-40E4-8407-14F99895CE98}.Release|Any CPU.Build.0 = Release|Any CPU
		{B0107F45-E452-40E4-8407-14F99895CE98}.Release|x64.ActiveCfg = Release|Any CPU
		{B0107F45-E452-40E4-8407-14F99895CE98}.Release|x64.Build.0 = Release|Any CPU
		{B0107F45-E452-40E4-8407-14F99895CE98}.Release|x86.ActiveCfg = Release|Any CPU
		{B0107F45-E452-40E4-8407-14F99895CE98}.Release|x86.Build.0 = Release|Any CPU
		{0A55FC49-7713-45CA-A1BD-A1ECBFF91DA7}.Debug|Any CPU.ActiveCfg = Debug|Any CPU
		{0A55FC49-7713-45CA-A1BD-A1ECBFF91DA7}.Debug|Any CPU.Build.0 = Debug|Any CPU
		{0A55FC49-7713-45CA-A1BD-A1ECBFF91DA7}.Debug|x64.ActiveCfg = Debug|Any CPU
		{0A55FC49-7713-45CA-A1BD-A1ECBFF91DA7}.Debug|x64.Build.0 = Debug|Any CPU
		{0A55FC49-7713-45CA-A1BD-A1ECBFF91DA7}.Debug|x86.ActiveCfg = Debug|Any CPU
		{0A55FC49-7713-45CA-A1BD-A1ECBFF91DA7}.Debug|x86.Build.0 = Debug|Any CPU
		{0A55FC49-7713-45CA-A1BD-A1ECBFF91DA7}.Release|Any CPU.ActiveCfg = Release|Any CPU
		{0A55FC49-7713-45CA-A1BD-A1ECBFF91DA7}.Release|Any CPU.Build.0 = Release|Any CPU
		{0A55FC49-7713-45CA-A1BD-A1ECBFF91DA7}.Release|x64.ActiveCfg = Release|Any CPU
		{0A55FC49-7713-45CA-A1BD-A1ECBFF91DA7}.Release|x64.Build.0 = Release|Any CPU
		{0A55FC49-7713-45CA-A1BD-A1ECBFF91DA7}.Release|x86.ActiveCfg = Release|Any CPU
		{0A55FC49-7713-45CA-A1BD-A1ECBFF91DA7}.Release|x86.Build.0 = Release|Any CPU
		{E1894A5A-B7D8-4F6B-8816-DBF7C5E1AE10}.Debug|Any CPU.ActiveCfg = Debug|Any CPU
		{E1894A5A-B7D8-4F6B-8816-DBF7C5E1AE10}.Debug|Any CPU.Build.0 = Debug|Any CPU
		{E1894A5A-B7D8-4F6B-8816-DBF7C5E1AE10}.Debug|x64.ActiveCfg = Debug|Any CPU
		{E1894A5A-B7D8-4F6B-8816-DBF7C5E1AE10}.Debug|x64.Build.0 = Debug|Any CPU
		{E1894A5A-B7D8-4F6B-8816-DBF7C5E1AE10}.Debug|x86.ActiveCfg = Debug|Any CPU
		{E1894A5A-B7D8-4F6B-8816-DBF7C5E1AE10}.Debug|x86.Build.0 = Debug|Any CPU
		{E1894A5A-B7D8-4F6B-8816-DBF7C5E1AE10}.Release|Any CPU.ActiveCfg = Release|Any CPU
		{E1894A5A-B7D8-4F6B-8816-DBF7C5E1AE10}.Release|Any CPU.Build.0 = Release|Any CPU
		{E1894A5A-B7D8-4F6B-8816-DBF7C5E1AE10}.Release|x64.ActiveCfg = Release|Any CPU
		{E1894A5A-B7D8-4F6B-8816-DBF7C5E1AE10}.Release|x64.Build.0 = Release|Any CPU
		{E1894A5A-B7D8-4F6B-8816-DBF7C5E1AE10}.Release|x86.ActiveCfg = Release|Any CPU
		{E1894A5A-B7D8-4F6B-8816-DBF7C5E1AE10}.Release|x86.Build.0 = Release|Any CPU
		{EF54AA9B-A725-44B5-96B5-AE526EF431CF}.Debug|Any CPU.ActiveCfg = Debug|Any CPU
		{EF54AA9B-A725-44B5-96B5-AE526EF431CF}.Debug|Any CPU.Build.0 = Debug|Any CPU
		{EF54AA9B-A725-44B5-96B5-AE526EF431CF}.Debug|x64.ActiveCfg = Debug|Any CPU
		{EF54AA9B-A725-44B5-96B5-AE526EF431CF}.Debug|x64.Build.0 = Debug|Any CPU
		{EF54AA9B-A725-44B5-96B5-AE526EF431CF}.Debug|x86.ActiveCfg = Debug|Any CPU
		{EF54AA9B-A725-44B5-96B5-AE526EF431CF}.Debug|x86.Build.0 = Debug|Any CPU
		{EF54AA9B-A725-44B5-96B5-AE526EF431CF}.Release|Any CPU.ActiveCfg = Release|Any CPU
		{EF54AA9B-A725-44B5-96B5-AE526EF431CF}.Release|Any CPU.Build.0 = Release|Any CPU
		{EF54AA9B-A725-44B5-96B5-AE526EF431CF}.Release|x64.ActiveCfg = Release|Any CPU
		{EF54AA9B-A725-44B5-96B5-AE526EF431CF}.Release|x64.Build.0 = Release|Any CPU
		{EF54AA9B-A725-44B5-96B5-AE526EF431CF}.Release|x86.ActiveCfg = Release|Any CPU
		{EF54AA9B-A725-44B5-96B5-AE526EF431CF}.Release|x86.Build.0 = Release|Any CPU
		{C9B08D56-83B9-4CFC-A023-9FDFA1BFA35A}.Debug|Any CPU.ActiveCfg = Debug|Any CPU
		{C9B08D56-83B9-4CFC-A023-9FDFA1BFA35A}.Debug|Any CPU.Build.0 = Debug|Any CPU
		{C9B08D56-83B9-4CFC-A023-9FDFA1BFA35A}.Debug|x64.ActiveCfg = Debug|Any CPU
		{C9B08D56-83B9-4CFC-A023-9FDFA1BFA35A}.Debug|x64.Build.0 = Debug|Any CPU
		{C9B08D56-83B9-4CFC-A023-9FDFA1BFA35A}.Debug|x86.ActiveCfg = Debug|Any CPU
		{C9B08D56-83B9-4CFC-A023-9FDFA1BFA35A}.Debug|x86.Build.0 = Debug|Any CPU
		{C9B08D56-83B9-4CFC-A023-9FDFA1BFA35A}.Release|Any CPU.ActiveCfg = Release|Any CPU
		{C9B08D56-83B9-4CFC-A023-9FDFA1BFA35A}.Release|Any CPU.Build.0 = Release|Any CPU
		{C9B08D56-83B9-4CFC-A023-9FDFA1BFA35A}.Release|x64.ActiveCfg = Release|Any CPU
		{C9B08D56-83B9-4CFC-A023-9FDFA1BFA35A}.Release|x64.Build.0 = Release|Any CPU
		{C9B08D56-83B9-4CFC-A023-9FDFA1BFA35A}.Release|x86.ActiveCfg = Release|Any CPU
		{C9B08D56-83B9-4CFC-A023-9FDFA1BFA35A}.Release|x86.Build.0 = Release|Any CPU
		{96C1F385-E395-4B88-BC6C-0CD2E844EBFF}.Debug|Any CPU.ActiveCfg = Debug|Any CPU
		{96C1F385-E395-4B88-BC6C-0CD2E844EBFF}.Debug|Any CPU.Build.0 = Debug|Any CPU
		{96C1F385-E395-4B88-BC6C-0CD2E844EBFF}.Debug|x64.ActiveCfg = Debug|Any CPU
		{96C1F385-E395-4B88-BC6C-0CD2E844EBFF}.Debug|x64.Build.0 = Debug|Any CPU
		{96C1F385-E395-4B88-BC6C-0CD2E844EBFF}.Debug|x86.ActiveCfg = Debug|Any CPU
		{96C1F385-E395-4B88-BC6C-0CD2E844EBFF}.Debug|x86.Build.0 = Debug|Any CPU
		{96C1F385-E395-4B88-BC6C-0CD2E844EBFF}.Release|Any CPU.ActiveCfg = Release|Any CPU
		{96C1F385-E395-4B88-BC6C-0CD2E844EBFF}.Release|Any CPU.Build.0 = Release|Any CPU
		{96C1F385-E395-4B88-BC6C-0CD2E844EBFF}.Release|x64.ActiveCfg = Release|Any CPU
		{96C1F385-E395-4B88-BC6C-0CD2E844EBFF}.Release|x64.Build.0 = Release|Any CPU
		{96C1F385-E395-4B88-BC6C-0CD2E844EBFF}.Release|x86.ActiveCfg = Release|Any CPU
		{96C1F385-E395-4B88-BC6C-0CD2E844EBFF}.Release|x86.Build.0 = Release|Any CPU
		{0E146D72-84C2-4FA7-BD86-F40D2A552D36}.Debug|Any CPU.ActiveCfg = Debug|Any CPU
		{0E146D72-84C2-4FA7-BD86-F40D2A552D36}.Debug|Any CPU.Build.0 = Debug|Any CPU
		{0E146D72-84C2-4FA7-BD86-F40D2A552D36}.Debug|x64.ActiveCfg = Debug|Any CPU
		{0E146D72-84C2-4FA7-BD86-F40D2A552D36}.Debug|x64.Build.0 = Debug|Any CPU
		{0E146D72-84C2-4FA7-BD86-F40D2A552D36}.Debug|x86.ActiveCfg = Debug|Any CPU
		{0E146D72-84C2-4FA7-BD86-F40D2A552D36}.Debug|x86.Build.0 = Debug|Any CPU
		{0E146D72-84C2-4FA7-BD86-F40D2A552D36}.Release|Any CPU.ActiveCfg = Release|Any CPU
		{0E146D72-84C2-4FA7-BD86-F40D2A552D36}.Release|Any CPU.Build.0 = Release|Any CPU
		{0E146D72-84C2-4FA7-BD86-F40D2A552D36}.Release|x64.ActiveCfg = Release|Any CPU
		{0E146D72-84C2-4FA7-BD86-F40D2A552D36}.Release|x64.Build.0 = Release|Any CPU
		{0E146D72-84C2-4FA7-BD86-F40D2A552D36}.Release|x86.ActiveCfg = Release|Any CPU
		{0E146D72-84C2-4FA7-BD86-F40D2A552D36}.Release|x86.Build.0 = Release|Any CPU
		{978A5178-967B-492A-A391-895908C3DE06}.Debug|Any CPU.ActiveCfg = Debug|Any CPU
		{978A5178-967B-492A-A391-895908C3DE06}.Debug|Any CPU.Build.0 = Debug|Any CPU
		{978A5178-967B-492A-A391-895908C3DE06}.Debug|x64.ActiveCfg = Debug|Any CPU
		{978A5178-967B-492A-A391-895908C3DE06}.Debug|x64.Build.0 = Debug|Any CPU
		{978A5178-967B-492A-A391-895908C3DE06}.Debug|x86.ActiveCfg = Debug|Any CPU
		{978A5178-967B-492A-A391-895908C3DE06}.Debug|x86.Build.0 = Debug|Any CPU
		{978A5178-967B-492A-A391-895908C3DE06}.Release|Any CPU.ActiveCfg = Release|Any CPU
		{978A5178-967B-492A-A391-895908C3DE06}.Release|Any CPU.Build.0 = Release|Any CPU
		{978A5178-967B-492A-A391-895908C3DE06}.Release|x64.ActiveCfg = Release|Any CPU
		{978A5178-967B-492A-A391-895908C3DE06}.Release|x64.Build.0 = Release|Any CPU
		{978A5178-967B-492A-A391-895908C3DE06}.Release|x86.ActiveCfg = Release|Any CPU
		{978A5178-967B-492A-A391-895908C3DE06}.Release|x86.Build.0 = Release|Any CPU
		{C2548E66-E89A-4A3C-898E-D56986D0AAE4}.Debug|Any CPU.ActiveCfg = Debug|Any CPU
		{C2548E66-E89A-4A3C-898E-D56986D0AAE4}.Debug|Any CPU.Build.0 = Debug|Any CPU
		{C2548E66-E89A-4A3C-898E-D56986D0AAE4}.Debug|x64.ActiveCfg = Debug|Any CPU
		{C2548E66-E89A-4A3C-898E-D56986D0AAE4}.Debug|x64.Build.0 = Debug|Any CPU
		{C2548E66-E89A-4A3C-898E-D56986D0AAE4}.Debug|x86.ActiveCfg = Debug|Any CPU
		{C2548E66-E89A-4A3C-898E-D56986D0AAE4}.Debug|x86.Build.0 = Debug|Any CPU
		{C2548E66-E89A-4A3C-898E-D56986D0AAE4}.Release|Any CPU.ActiveCfg = Release|Any CPU
		{C2548E66-E89A-4A3C-898E-D56986D0AAE4}.Release|Any CPU.Build.0 = Release|Any CPU
		{C2548E66-E89A-4A3C-898E-D56986D0AAE4}.Release|x64.ActiveCfg = Release|Any CPU
		{C2548E66-E89A-4A3C-898E-D56986D0AAE4}.Release|x64.Build.0 = Release|Any CPU
		{C2548E66-E89A-4A3C-898E-D56986D0AAE4}.Release|x86.ActiveCfg = Release|Any CPU
		{C2548E66-E89A-4A3C-898E-D56986D0AAE4}.Release|x86.Build.0 = Release|Any CPU
		{5393EC0A-2AFF-4C06-A250-370A10A30088}.Debug|Any CPU.ActiveCfg = Debug|Any CPU
		{5393EC0A-2AFF-4C06-A250-370A10A30088}.Debug|Any CPU.Build.0 = Debug|Any CPU
		{5393EC0A-2AFF-4C06-A250-370A10A30088}.Debug|x64.ActiveCfg = Debug|Any CPU
		{5393EC0A-2AFF-4C06-A250-370A10A30088}.Debug|x64.Build.0 = Debug|Any CPU
		{5393EC0A-2AFF-4C06-A250-370A10A30088}.Debug|x86.ActiveCfg = Debug|Any CPU
		{5393EC0A-2AFF-4C06-A250-370A10A30088}.Debug|x86.Build.0 = Debug|Any CPU
		{5393EC0A-2AFF-4C06-A250-370A10A30088}.Release|Any CPU.ActiveCfg = Release|Any CPU
		{5393EC0A-2AFF-4C06-A250-370A10A30088}.Release|Any CPU.Build.0 = Release|Any CPU
		{5393EC0A-2AFF-4C06-A250-370A10A30088}.Release|x64.ActiveCfg = Release|Any CPU
		{5393EC0A-2AFF-4C06-A250-370A10A30088}.Release|x64.Build.0 = Release|Any CPU
		{5393EC0A-2AFF-4C06-A250-370A10A30088}.Release|x86.ActiveCfg = Release|Any CPU
		{5393EC0A-2AFF-4C06-A250-370A10A30088}.Release|x86.Build.0 = Release|Any CPU
	EndGlobalSection
EndGlobal
